
Microsoft Visual Studio Solution File, Format Version 12.00
# Visual Studio Version 17
VisualStudioVersion = 17.7.34202.233
MinimumVisualStudioVersion = 10.0.40219.1
Project("{FAE04EC0-301F-11D3-BF4B-00C04F79EFBC}") = "Area Calculator", "Area Calculator.csproj", "{6FDC3B85-B257-45FE-95FD-14F422647393}"
EndProject
Global
	GlobalSection(SolutionConfigurationPlatforms) = preSolution
		Debug|Any CPU = Debug|Any CPU
		Release|Any CPU = Release|Any CPU
	EndGlobalSection
	GlobalSection(ProjectConfigurationPlatforms) = postSolution
		{6FDC3B85-B257-45FE-95FD-14F422647393}.Debug|Any CPU.ActiveCfg = Debug|Any CPU
		{6FDC3B85-B257-45FE-95FD-14F422647393}.Debug|Any CPU.Build.0 = Debug|Any CPU
		{6FDC3B85-B257-45FE-95FD-14F422647393}.Release|Any CPU.ActiveCfg = Release|Any CPU
		{6FDC3B85-B257-45FE-95FD-14F422647393}.Release|Any CPU.Build.0 = Release|Any CPU
	EndGlobalSection
	GlobalSection(SolutionProperties) = preSolution
		HideSolutionNode = FALSE
	EndGlobalSection
	GlobalSection(ExtensibilityGlobals) = postSolution
		SolutionGuid = {6022103C-8845-46E6-B886-40CDE38714EA}
	EndGlobalSection
EndGlobal
